
Microsoft Visual Studio Solution File, Format Version 12.00
# Visual Studio 2012
Project("{FAE04EC0-301F-11D3-BF4B-00C04F79EFBC}") = "Example.Windows", "Examples\Example.Windows.csproj", "{81158C54-C830-4056-B5D6-AE9059741B20}"
EndProject
Project("{FAE04EC0-301F-11D3-BF4B-00C04F79EFBC}") = "SharpFont", "SharpFont\SharpFont.csproj", "{C293DB32-FA42-486D-B128-5A12522FAE4E}"
EndProject
Project("{FAE04EC0-301F-11D3-BF4B-00C04F79EFBC}") = "Example.Android", "Examples\Example.Android.csproj", "{ED6E3169-F522-4567-9537-5A2E2A16CA17}"
EndProject
Project("{FAE04EC0-301F-11D3-BF4B-00C04F79EFBC}") = "Example.iOS", "Examples\Example.iOS.csproj", "{90671BD6-A7F0-401A-834B-A0BE8C89419B}"
EndProject
Project("{FAE04EC0-301F-11D3-BF4B-00C04F79EFBC}") = "SharpFont.iOS", "SharpFont\SharpFont.iOS.csproj", "{CB13D7BA-3BE8-4450-A29C-67ED557F320D}"
EndProject
Global
	GlobalSection(SolutionConfigurationPlatforms) = preSolution
		Ad-Hoc|Any CPU = Ad-Hoc|Any CPU
		Ad-Hoc|iPhone = Ad-Hoc|iPhone
		Ad-Hoc|iPhoneSimulator = Ad-Hoc|iPhoneSimulator
		Ad-Hoc|Mixed Platforms = Ad-Hoc|Mixed Platforms
		AppStore|Any CPU = AppStore|Any CPU
		AppStore|iPhone = AppStore|iPhone
		AppStore|iPhoneSimulator = AppStore|iPhoneSimulator
		AppStore|Mixed Platforms = AppStore|Mixed Platforms
		Debug WIN64|Any CPU = Debug WIN64|Any CPU
		Debug WIN64|iPhone = Debug WIN64|iPhone
		Debug WIN64|iPhoneSimulator = Debug WIN64|iPhoneSimulator
		Debug WIN64|Mixed Platforms = Debug WIN64|Mixed Platforms
		Debug|Any CPU = Debug|Any CPU
		Debug|iPhone = Debug|iPhone
		Debug|iPhoneSimulator = Debug|iPhoneSimulator
		Debug|Mixed Platforms = Debug|Mixed Platforms
		Release WIN64|Any CPU = Release WIN64|Any CPU
		Release WIN64|iPhone = Release WIN64|iPhone
		Release WIN64|iPhoneSimulator = Release WIN64|iPhoneSimulator
		Release WIN64|Mixed Platforms = Release WIN64|Mixed Platforms
		Release|Any CPU = Release|Any CPU
		Release|iPhone = Release|iPhone
		Release|iPhoneSimulator = Release|iPhoneSimulator
		Release|Mixed Platforms = Release|Mixed Platforms
	EndGlobalSection
	GlobalSection(ProjectConfigurationPlatforms) = postSolution
		{81158C54-C830-4056-B5D6-AE9059741B20}.Ad-Hoc|Any CPU.ActiveCfg = Release|x86
		{81158C54-C830-4056-B5D6-AE9059741B20}.Ad-Hoc|iPhone.ActiveCfg = Release|x86
		{81158C54-C830-4056-B5D6-AE9059741B20}.Ad-Hoc|iPhoneSimulator.ActiveCfg = Release|x86
		{81158C54-C830-4056-B5D6-AE9059741B20}.Ad-Hoc|Mixed Platforms.ActiveCfg = Release|x86
		{81158C54-C830-4056-B5D6-AE9059741B20}.Ad-Hoc|Mixed Platforms.Build.0 = Release|x86
		{81158C54-C830-4056-B5D6-AE9059741B20}.AppStore|Any CPU.ActiveCfg = Release|x86
		{81158C54-C830-4056-B5D6-AE9059741B20}.AppStore|iPhone.ActiveCfg = Release|x86
		{81158C54-C830-4056-B5D6-AE9059741B20}.AppStore|iPhoneSimulator.ActiveCfg = Release|x86
		{81158C54-C830-4056-B5D6-AE9059741B20}.AppStore|Mixed Platforms.ActiveCfg = Release|x86
		{81158C54-C830-4056-B5D6-AE9059741B20}.AppStore|Mixed Platforms.Build.0 = Release|x86
		{81158C54-C830-4056-B5D6-AE9059741B20}.Debug WIN64|Any CPU.ActiveCfg = Debug|x86
		{81158C54-C830-4056-B5D6-AE9059741B20}.Debug WIN64|Any CPU.Build.0 = Debug|x86
		{81158C54-C830-4056-B5D6-AE9059741B20}.Debug WIN64|iPhone.ActiveCfg = Debug|x86
		{81158C54-C830-4056-B5D6-AE9059741B20}.Debug WIN64|iPhoneSimulator.ActiveCfg = Debug|x86
		{81158C54-C830-4056-B5D6-AE9059741B20}.Debug WIN64|Mixed Platforms.ActiveCfg = Debug|x86
		{81158C54-C830-4056-B5D6-AE9059741B20}.Debug WIN64|Mixed Platforms.Build.0 = Debug|x86
		{81158C54-C830-4056-B5D6-AE9059741B20}.Debug|Any CPU.ActiveCfg = Debug|x86
		{81158C54-C830-4056-B5D6-AE9059741B20}.Debug|Any CPU.Build.0 = Debug|x86
		{81158C54-C830-4056-B5D6-AE9059741B20}.Debug|iPhone.ActiveCfg = Debug|x86
		{81158C54-C830-4056-B5D6-AE9059741B20}.Debug|iPhoneSimulator.ActiveCfg = Debug|x86
		{81158C54-C830-4056-B5D6-AE9059741B20}.Debug|Mixed Platforms.ActiveCfg = Debug|x86
		{81158C54-C830-4056-B5D6-AE9059741B20}.Debug|Mixed Platforms.Build.0 = Debug|x86
		{81158C54-C830-4056-B5D6-AE9059741B20}.Release WIN64|Any CPU.ActiveCfg = Release|x86
		{81158C54-C830-4056-B5D6-AE9059741B20}.Release WIN64|Any CPU.Build.0 = Release|x86
		{81158C54-C830-4056-B5D6-AE9059741B20}.Release WIN64|iPhone.ActiveCfg = Release|x86
		{81158C54-C830-4056-B5D6-AE9059741B20}.Release WIN64|iPhoneSimulator.ActiveCfg = Release|x86
		{81158C54-C830-4056-B5D6-AE9059741B20}.Release WIN64|Mixed Platforms.ActiveCfg = Release|x86
		{81158C54-C830-4056-B5D6-AE9059741B20}.Release WIN64|Mixed Platforms.Build.0 = Release|x86
		{81158C54-C830-4056-B5D6-AE9059741B20}.Release|Any CPU.ActiveCfg = Release|x86
		{81158C54-C830-4056-B5D6-AE9059741B20}.Release|Any CPU.Build.0 = Release|x86
		{81158C54-C830-4056-B5D6-AE9059741B20}.Release|iPhone.ActiveCfg = Release|x86
		{81158C54-C830-4056-B5D6-AE9059741B20}.Release|iPhoneSimulator.ActiveCfg = Release|x86
		{81158C54-C830-4056-B5D6-AE9059741B20}.Release|Mixed Platforms.ActiveCfg = Release|x86
		{81158C54-C830-4056-B5D6-AE9059741B20}.Release|Mixed Platforms.Build.0 = Release|x86
		{C293DB32-FA42-486D-B128-5A12522FAE4E}.Ad-Hoc|Any CPU.ActiveCfg = Release WIN64|Any CPU
		{C293DB32-FA42-486D-B128-5A12522FAE4E}.Ad-Hoc|Any CPU.Build.0 = Release WIN64|Any CPU
		{C293DB32-FA42-486D-B128-5A12522FAE4E}.Ad-Hoc|iPhone.ActiveCfg = Release WIN64|Any CPU
		{C293DB32-FA42-486D-B128-5A12522FAE4E}.Ad-Hoc|iPhoneSimulator.ActiveCfg = Release WIN64|Any CPU
		{C293DB32-FA42-486D-B128-5A12522FAE4E}.Ad-Hoc|Mixed Platforms.ActiveCfg = Release WIN64|Any CPU
		{C293DB32-FA42-486D-B128-5A12522FAE4E}.Ad-Hoc|Mixed Platforms.Build.0 = Release WIN64|Any CPU
		{C293DB32-FA42-486D-B128-5A12522FAE4E}.AppStore|Any CPU.ActiveCfg = Release WIN64|Any CPU
		{C293DB32-FA42-486D-B128-5A12522FAE4E}.AppStore|Any CPU.Build.0 = Release WIN64|Any CPU
		{C293DB32-FA42-486D-B128-5A12522FAE4E}.AppStore|iPhone.ActiveCfg = Release WIN64|Any CPU
		{C293DB32-FA42-486D-B128-5A12522FAE4E}.AppStore|iPhoneSimulator.ActiveCfg = Release WIN64|Any CPU
		{C293DB32-FA42-486D-B128-5A12522FAE4E}.AppStore|Mixed Platforms.ActiveCfg = Release WIN64|Any CPU
		{C293DB32-FA42-486D-B128-5A12522FAE4E}.AppStore|Mixed Platforms.Build.0 = Release WIN64|Any CPU
		{C293DB32-FA42-486D-B128-5A12522FAE4E}.Debug WIN64|Any CPU.ActiveCfg = Debug WIN64|Any CPU
		{C293DB32-FA42-486D-B128-5A12522FAE4E}.Debug WIN64|Any CPU.Build.0 = Debug WIN64|Any CPU
		{C293DB32-FA42-486D-B128-5A12522FAE4E}.Debug WIN64|iPhone.ActiveCfg = Debug WIN64|Any CPU
		{C293DB32-FA42-486D-B128-5A12522FAE4E}.Debug WIN64|iPhoneSimulator.ActiveCfg = Debug WIN64|Any CPU
		{C293DB32-FA42-486D-B128-5A12522FAE4E}.Debug WIN64|Mixed Platforms.ActiveCfg = Debug WIN64|Any CPU
		{C293DB32-FA42-486D-B128-5A12522FAE4E}.Debug WIN64|Mixed Platforms.Build.0 = Debug WIN64|Any CPU
		{C293DB32-FA42-486D-B128-5A12522FAE4E}.Debug|Any CPU.ActiveCfg = Debug|Any CPU
		{C293DB32-FA42-486D-B128-5A12522FAE4E}.Debug|Any CPU.Build.0 = Debug|Any CPU
		{C293DB32-FA42-486D-B128-5A12522FAE4E}.Debug|iPhone.ActiveCfg = Debug|Any CPU
		{C293DB32-FA42-486D-B128-5A12522FAE4E}.Debug|iPhoneSimulator.ActiveCfg = Debug|Any CPU
		{C293DB32-FA42-486D-B128-5A12522FAE4E}.Debug|Mixed Platforms.ActiveCfg = Debug|Any CPU
		{C293DB32-FA42-486D-B128-5A12522FAE4E}.Debug|Mixed Platforms.Build.0 = Debug|Any CPU
		{C293DB32-FA42-486D-B128-5A12522FAE4E}.Release WIN64|Any CPU.ActiveCfg = Release WIN64|Any CPU
		{C293DB32-FA42-486D-B128-5A12522FAE4E}.Release WIN64|Any CPU.Build.0 = Release WIN64|Any CPU
		{C293DB32-FA42-486D-B128-5A12522FAE4E}.Release WIN64|iPhone.ActiveCfg = Release WIN64|Any CPU
		{C293DB32-FA42-486D-B128-5A12522FAE4E}.Release WIN64|iPhoneSimulator.ActiveCfg = Release WIN64|Any CPU
		{C293DB32-FA42-486D-B128-5A12522FAE4E}.Release WIN64|Mixed Platforms.ActiveCfg = Release WIN64|Any CPU
		{C293DB32-FA42-486D-B128-5A12522FAE4E}.Release WIN64|Mixed Platforms.Build.0 = Release WIN64|Any CPU
		{C293DB32-FA42-486D-B128-5A12522FAE4E}.Release|Any CPU.ActiveCfg = Release|Any CPU
		{C293DB32-FA42-486D-B128-5A12522FAE4E}.Release|Any CPU.Build.0 = Release|Any CPU
		{C293DB32-FA42-486D-B128-5A12522FAE4E}.Release|iPhone.ActiveCfg = Release|Any CPU
		{C293DB32-FA42-486D-B128-5A12522FAE4E}.Release|iPhoneSimulator.ActiveCfg = Release|Any CPU
		{C293DB32-FA42-486D-B128-5A12522FAE4E}.Release|Mixed Platforms.ActiveCfg = Release|Any CPU
		{C293DB32-FA42-486D-B128-5A12522FAE4E}.Release|Mixed Platforms.Build.0 = Release|Any CPU
		{ED6E3169-F522-4567-9537-5A2E2A16CA17}.Ad-Hoc|Any CPU.ActiveCfg = Release|Any CPU
		{ED6E3169-F522-4567-9537-5A2E2A16CA17}.Ad-Hoc|Any CPU.Build.0 = Release|Any CPU
		{ED6E3169-F522-4567-9537-5A2E2A16CA17}.Ad-Hoc|Any CPU.Deploy.0 = Release|Any CPU
		{ED6E3169-F522-4567-9537-5A2E2A16CA17}.Ad-Hoc|iPhone.ActiveCfg = Release|Any CPU
		{ED6E3169-F522-4567-9537-5A2E2A16CA17}.Ad-Hoc|iPhoneSimulator.ActiveCfg = Release|Any CPU
		{ED6E3169-F522-4567-9537-5A2E2A16CA17}.Ad-Hoc|Mixed Platforms.ActiveCfg = Release|Any CPU
		{ED6E3169-F522-4567-9537-5A2E2A16CA17}.Ad-Hoc|Mixed Platforms.Build.0 = Release|Any CPU
		{ED6E3169-F522-4567-9537-5A2E2A16CA17}.Ad-Hoc|Mixed Platforms.Deploy.0 = Release|Any CPU
		{ED6E3169-F522-4567-9537-5A2E2A16CA17}.AppStore|Any CPU.ActiveCfg = Release|Any CPU
		{ED6E3169-F522-4567-9537-5A2E2A16CA17}.AppStore|Any CPU.Build.0 = Release|Any CPU
		{ED6E3169-F522-4567-9537-5A2E2A16CA17}.AppStore|Any CPU.Deploy.0 = Release|Any CPU
		{ED6E3169-F522-4567-9537-5A2E2A16CA17}.AppStore|iPhone.ActiveCfg = Release|Any CPU
		{ED6E3169-F522-4567-9537-5A2E2A16CA17}.AppStore|iPhoneSimulator.ActiveCfg = Release|Any CPU
		{ED6E3169-F522-4567-9537-5A2E2A16CA17}.AppStore|Mixed Platforms.ActiveCfg = Release|Any CPU
		{ED6E3169-F522-4567-9537-5A2E2A16CA17}.AppStore|Mixed Platforms.Build.0 = Release|Any CPU
		{ED6E3169-F522-4567-9537-5A2E2A16CA17}.AppStore|Mixed Platforms.Deploy.0 = Release|Any CPU
		{ED6E3169-F522-4567-9537-5A2E2A16CA17}.Debug WIN64|Any CPU.ActiveCfg = Debug|Any CPU
		{ED6E3169-F522-4567-9537-5A2E2A16CA17}.Debug WIN64|Any CPU.Build.0 = Debug|Any CPU
		{ED6E3169-F522-4567-9537-5A2E2A16CA17}.Debug WIN64|Any CPU.Deploy.0 = Debug|Any CPU
		{ED6E3169-F522-4567-9537-5A2E2A16CA17}.Debug WIN64|iPhone.ActiveCfg = Debug|Any CPU
		{ED6E3169-F522-4567-9537-5A2E2A16CA17}.Debug WIN64|iPhoneSimulator.ActiveCfg = Debug|Any CPU
		{ED6E3169-F522-4567-9537-5A2E2A16CA17}.Debug WIN64|Mixed Platforms.ActiveCfg = Debug|Any CPU
		{ED6E3169-F522-4567-9537-5A2E2A16CA17}.Debug WIN64|Mixed Platforms.Build.0 = Debug|Any CPU
		{ED6E3169-F522-4567-9537-5A2E2A16CA17}.Debug WIN64|Mixed Platforms.Deploy.0 = Debug|Any CPU
		{ED6E3169-F522-4567-9537-5A2E2A16CA17}.Debug|Any CPU.ActiveCfg = Debug|Any CPU
		{ED6E3169-F522-4567-9537-5A2E2A16CA17}.Debug|Any CPU.Build.0 = Debug|Any CPU
		{ED6E3169-F522-4567-9537-5A2E2A16CA17}.Debug|Any CPU.Deploy.0 = Debug|Any CPU
		{ED6E3169-F522-4567-9537-5A2E2A16CA17}.Debug|iPhone.ActiveCfg = Debug|Any CPU
		{ED6E3169-F522-4567-9537-5A2E2A16CA17}.Debug|iPhoneSimulator.ActiveCfg = Debug|Any CPU
		{ED6E3169-F522-4567-9537-5A2E2A16CA17}.Debug|Mixed Platforms.ActiveCfg = Debug|Any CPU
		{ED6E3169-F522-4567-9537-5A2E2A16CA17}.Debug|Mixed Platforms.Build.0 = Debug|Any CPU
		{ED6E3169-F522-4567-9537-5A2E2A16CA17}.Debug|Mixed Platforms.Deploy.0 = Debug|Any CPU
		{ED6E3169-F522-4567-9537-5A2E2A16CA17}.Release WIN64|Any CPU.ActiveCfg = Release|Any CPU
		{ED6E3169-F522-4567-9537-5A2E2A16CA17}.Release WIN64|Any CPU.Build.0 = Release|Any CPU
		{ED6E3169-F522-4567-9537-5A2E2A16CA17}.Release WIN64|Any CPU.Deploy.0 = Release|Any CPU
		{ED6E3169-F522-4567-9537-5A2E2A16CA17}.Release WIN64|iPhone.ActiveCfg = Release|Any CPU
		{ED6E3169-F522-4567-9537-5A2E2A16CA17}.Release WIN64|iPhoneSimulator.ActiveCfg = Release|Any CPU
		{ED6E3169-F522-4567-9537-5A2E2A16CA17}.Release WIN64|Mixed Platforms.ActiveCfg = Release|Any CPU
		{ED6E3169-F522-4567-9537-5A2E2A16CA17}.Release WIN64|Mixed Platforms.Build.0 = Release|Any CPU
		{ED6E3169-F522-4567-9537-5A2E2A16CA17}.Release WIN64|Mixed Platforms.Deploy.0 = Release|Any CPU
		{ED6E3169-F522-4567-9537-5A2E2A16CA17}.Release|Any CPU.ActiveCfg = Release|Any CPU
		{ED6E3169-F522-4567-9537-5A2E2A16CA17}.Release|Any CPU.Build.0 = Release|Any CPU
		{ED6E3169-F522-4567-9537-5A2E2A16CA17}.Release|Any CPU.Deploy.0 = Release|Any CPU
		{ED6E3169-F522-4567-9537-5A2E2A16CA17}.Release|iPhone.ActiveCfg = Release|Any CPU
		{ED6E3169-F522-4567-9537-5A2E2A16CA17}.Release|iPhoneSimulator.ActiveCfg = Release|Any CPU
		{ED6E3169-F522-4567-9537-5A2E2A16CA17}.Release|Mixed Platforms.ActiveCfg = Release|Any CPU
		{ED6E3169-F522-4567-9537-5A2E2A16CA17}.Release|Mixed Platforms.Build.0 = Release|Any CPU
		{ED6E3169-F522-4567-9537-5A2E2A16CA17}.Release|Mixed Platforms.Deploy.0 = Release|Any CPU
		{90671BD6-A7F0-401A-834B-A0BE8C89419B}.Ad-Hoc|Any CPU.ActiveCfg = Ad-Hoc|iPhone
		{90671BD6-A7F0-401A-834B-A0BE8C89419B}.Ad-Hoc|iPhone.ActiveCfg = Ad-Hoc|iPhone
		{90671BD6-A7F0-401A-834B-A0BE8C89419B}.Ad-Hoc|iPhone.Build.0 = Ad-Hoc|iPhone
		{90671BD6-A7F0-401A-834B-A0BE8C89419B}.Ad-Hoc|iPhone.Deploy.0 = Ad-Hoc|iPhone
		{90671BD6-A7F0-401A-834B-A0BE8C89419B}.Ad-Hoc|iPhoneSimulator.ActiveCfg = Ad-Hoc|iPhoneSimulator
		{90671BD6-A7F0-401A-834B-A0BE8C89419B}.Ad-Hoc|iPhoneSimulator.Build.0 = Ad-Hoc|iPhoneSimulator
		{90671BD6-A7F0-401A-834B-A0BE8C89419B}.Ad-Hoc|iPhoneSimulator.Deploy.0 = Ad-Hoc|iPhoneSimulator
		{90671BD6-A7F0-401A-834B-A0BE8C89419B}.Ad-Hoc|Mixed Platforms.ActiveCfg = Ad-Hoc|iPhone
		{90671BD6-A7F0-401A-834B-A0BE8C89419B}.Ad-Hoc|Mixed Platforms.Build.0 = Ad-Hoc|iPhone
		{90671BD6-A7F0-401A-834B-A0BE8C89419B}.Ad-Hoc|Mixed Platforms.Deploy.0 = Ad-Hoc|iPhone
		{90671BD6-A7F0-401A-834B-A0BE8C89419B}.AppStore|Any CPU.ActiveCfg = AppStore|iPhone
		{90671BD6-A7F0-401A-834B-A0BE8C89419B}.AppStore|iPhone.ActiveCfg = AppStore|iPhone
		{90671BD6-A7F0-401A-834B-A0BE8C89419B}.AppStore|iPhone.Build.0 = AppStore|iPhone
		{90671BD6-A7F0-401A-834B-A0BE8C89419B}.AppStore|iPhone.Deploy.0 = AppStore|iPhone
		{90671BD6-A7F0-401A-834B-A0BE8C89419B}.AppStore|iPhoneSimulator.ActiveCfg = AppStore|iPhoneSimulator
		{90671BD6-A7F0-401A-834B-A0BE8C89419B}.AppStore|iPhoneSimulator.Build.0 = AppStore|iPhoneSimulator
		{90671BD6-A7F0-401A-834B-A0BE8C89419B}.AppStore|iPhoneSimulator.Deploy.0 = AppStore|iPhoneSimulator
		{90671BD6-A7F0-401A-834B-A0BE8C89419B}.AppStore|Mixed Platforms.ActiveCfg = AppStore|iPhone
		{90671BD6-A7F0-401A-834B-A0BE8C89419B}.AppStore|Mixed Platforms.Build.0 = AppStore|iPhone
		{90671BD6-A7F0-401A-834B-A0BE8C89419B}.AppStore|Mixed Platforms.Deploy.0 = AppStore|iPhone
		{90671BD6-A7F0-401A-834B-A0BE8C89419B}.Debug WIN64|Any CPU.ActiveCfg = Debug|iPhone
		{90671BD6-A7F0-401A-834B-A0BE8C89419B}.Debug WIN64|iPhone.ActiveCfg = Debug|iPhone
		{90671BD6-A7F0-401A-834B-A0BE8C89419B}.Debug WIN64|iPhone.Build.0 = Debug|iPhone
		{90671BD6-A7F0-401A-834B-A0BE8C89419B}.Debug WIN64|iPhone.Deploy.0 = Debug|iPhone
		{90671BD6-A7F0-401A-834B-A0BE8C89419B}.Debug WIN64|iPhoneSimulator.ActiveCfg = Debug|iPhoneSimulator
		{90671BD6-A7F0-401A-834B-A0BE8C89419B}.Debug WIN64|iPhoneSimulator.Build.0 = Debug|iPhoneSimulator
		{90671BD6-A7F0-401A-834B-A0BE8C89419B}.Debug WIN64|iPhoneSimulator.Deploy.0 = Debug|iPhoneSimulator
		{90671BD6-A7F0-401A-834B-A0BE8C89419B}.Debug WIN64|Mixed Platforms.ActiveCfg = Debug|iPhone
		{90671BD6-A7F0-401A-834B-A0BE8C89419B}.Debug WIN64|Mixed Platforms.Build.0 = Debug|iPhone
		{90671BD6-A7F0-401A-834B-A0BE8C89419B}.Debug WIN64|Mixed Platforms.Deploy.0 = Debug|iPhone
		{90671BD6-A7F0-401A-834B-A0BE8C89419B}.Debug|Any CPU.ActiveCfg = Debug|iPhone
		{90671BD6-A7F0-401A-834B-A0BE8C89419B}.Debug|Any CPU.Build.0 = Debug|iPhone
		{90671BD6-A7F0-401A-834B-A0BE8C89419B}.Debug|Any CPU.Deploy.0 = Debug|iPhone
		{90671BD6-A7F0-401A-834B-A0BE8C89419B}.Debug|iPhone.ActiveCfg = Debug|iPhone
		{90671BD6-A7F0-401A-834B-A0BE8C89419B}.Debug|iPhone.Build.0 = Debug|iPhone
		{90671BD6-A7F0-401A-834B-A0BE8C89419B}.Debug|iPhone.Deploy.0 = Debug|iPhone
		{90671BD6-A7F0-401A-834B-A0BE8C89419B}.Debug|iPhoneSimulator.ActiveCfg = Debug|iPhoneSimulator
		{90671BD6-A7F0-401A-834B-A0BE8C89419B}.Debug|iPhoneSimulator.Build.0 = Debug|iPhoneSimulator
		{90671BD6-A7F0-401A-834B-A0BE8C89419B}.Debug|iPhoneSimulator.Deploy.0 = Debug|iPhoneSimulator
		{90671BD6-A7F0-401A-834B-A0BE8C89419B}.Debug|Mixed Platforms.ActiveCfg = Debug|iPhone
		{90671BD6-A7F0-401A-834B-A0BE8C89419B}.Debug|Mixed Platforms.Build.0 = Debug|iPhone
		{90671BD6-A7F0-401A-834B-A0BE8C89419B}.Debug|Mixed Platforms.Deploy.0 = Debug|iPhone
		{90671BD6-A7F0-401A-834B-A0BE8C89419B}.Release WIN64|Any CPU.ActiveCfg = Release|iPhone
		{90671BD6-A7F0-401A-834B-A0BE8C89419B}.Release WIN64|iPhone.ActiveCfg = Release|iPhone
		{90671BD6-A7F0-401A-834B-A0BE8C89419B}.Release WIN64|iPhone.Build.0 = Release|iPhone
		{90671BD6-A7F0-401A-834B-A0BE8C89419B}.Release WIN64|iPhone.Deploy.0 = Release|iPhone
		{90671BD6-A7F0-401A-834B-A0BE8C89419B}.Release WIN64|iPhoneSimulator.ActiveCfg = Release|iPhoneSimulator
		{90671BD6-A7F0-401A-834B-A0BE8C89419B}.Release WIN64|iPhoneSimulator.Build.0 = Release|iPhoneSimulator
		{90671BD6-A7F0-401A-834B-A0BE8C89419B}.Release WIN64|iPhoneSimulator.Deploy.0 = Release|iPhoneSimulator
		{90671BD6-A7F0-401A-834B-A0BE8C89419B}.Release WIN64|Mixed Platforms.ActiveCfg = Release|iPhone
		{90671BD6-A7F0-401A-834B-A0BE8C89419B}.Release WIN64|Mixed Platforms.Build.0 = Release|iPhone
		{90671BD6-A7F0-401A-834B-A0BE8C89419B}.Release WIN64|Mixed Platforms.Deploy.0 = Release|iPhone
		{90671BD6-A7F0-401A-834B-A0BE8C89419B}.Release|Any CPU.ActiveCfg = Release|iPhone
		{90671BD6-A7F0-401A-834B-A0BE8C89419B}.Release|Any CPU.Build.0 = Release|iPhone
		{90671BD6-A7F0-401A-834B-A0BE8C89419B}.Release|Any CPU.Deploy.0 = Release|iPhone
		{90671BD6-A7F0-401A-834B-A0BE8C89419B}.Release|iPhone.ActiveCfg = Release|iPhone
		{90671BD6-A7F0-401A-834B-A0BE8C89419B}.Release|iPhone.Build.0 = Release|iPhone
		{90671BD6-A7F0-401A-834B-A0BE8C89419B}.Release|iPhone.Deploy.0 = Release|iPhone
		{90671BD6-A7F0-401A-834B-A0BE8C89419B}.Release|iPhoneSimulator.ActiveCfg = Release|iPhoneSimulator
		{90671BD6-A7F0-401A-834B-A0BE8C89419B}.Release|iPhoneSimulator.Build.0 = Release|iPhoneSimulator
		{90671BD6-A7F0-401A-834B-A0BE8C89419B}.Release|iPhoneSimulator.Deploy.0 = Release|iPhoneSimulator
		{90671BD6-A7F0-401A-834B-A0BE8C89419B}.Release|Mixed Platforms.ActiveCfg = Release|iPhone
		{90671BD6-A7F0-401A-834B-A0BE8C89419B}.Release|Mixed Platforms.Build.0 = Release|iPhone
		{90671BD6-A7F0-401A-834B-A0BE8C89419B}.Release|Mixed Platforms.Deploy.0 = Release|iPhone
		{CB13D7BA-3BE8-4450-A29C-67ED557F320D}.Ad-Hoc|Any CPU.ActiveCfg = Release|Any CPU
		{CB13D7BA-3BE8-4450-A29C-67ED557F320D}.Ad-Hoc|Any CPU.Build.0 = Release|Any CPU
		{CB13D7BA-3BE8-4450-A29C-67ED557F320D}.Ad-Hoc|iPhone.ActiveCfg = Release|Any CPU
		{CB13D7BA-3BE8-4450-A29C-67ED557F320D}.Ad-Hoc|iPhoneSimulator.ActiveCfg = Release|Any CPU
		{CB13D7BA-3BE8-4450-A29C-67ED557F320D}.Ad-Hoc|Mixed Platforms.ActiveCfg = Release|Any CPU
		{CB13D7BA-3BE8-4450-A29C-67ED557F320D}.Ad-Hoc|Mixed Platforms.Build.0 = Release|Any CPU
		{CB13D7BA-3BE8-4450-A29C-67ED557F320D}.AppStore|Any CPU.ActiveCfg = Release|Any CPU
		{CB13D7BA-3BE8-4450-A29C-67ED557F320D}.AppStore|Any CPU.Build.0 = Release|Any CPU
		{CB13D7BA-3BE8-4450-A29C-67ED557F320D}.AppStore|iPhone.ActiveCfg = Release|Any CPU
		{CB13D7BA-3BE8-4450-A29C-67ED557F320D}.AppStore|iPhoneSimulator.ActiveCfg = Release|Any CPU
		{CB13D7BA-3BE8-4450-A29C-67ED557F320D}.AppStore|Mixed Platforms.ActiveCfg = Release|Any CPU
		{CB13D7BA-3BE8-4450-A29C-67ED557F320D}.AppStore|Mixed Platforms.Build.0 = Release|Any CPU
		{CB13D7BA-3BE8-4450-A29C-67ED557F320D}.Debug WIN64|Any CPU.ActiveCfg = Debug|Any CPU
		{CB13D7BA-3BE8-4450-A29C-67ED557F320D}.Debug WIN64|Any CPU.Build.0 = Debug|Any CPU
		{CB13D7BA-3BE8-4450-A29C-67ED557F320D}.Debug WIN64|iPhone.ActiveCfg = Debug|Any CPU
		{CB13D7BA-3BE8-4450-A29C-67ED557F320D}.Debug WIN64|iPhoneSimulator.ActiveCfg = Debug|Any CPU
		{CB13D7BA-3BE8-4450-A29C-67ED557F320D}.Debug WIN64|Mixed Platforms.ActiveCfg = Debug|Any CPU
		{CB13D7BA-3BE8-4450-A29C-67ED557F320D}.Debug WIN64|Mixed Platforms.Build.0 = Debug|Any CPU
		{CB13D7BA-3BE8-4450-A29C-67ED557F320D}.Debug|Any CPU.ActiveCfg = Debug|Any CPU
		{CB13D7BA-3BE8-4450-A29C-67ED557F320D}.Debug|Any CPU.Build.0 = Debug|Any CPU
		{CB13D7BA-3BE8-4450-A29C-67ED557F320D}.Debug|iPhone.ActiveCfg = Debug|Any CPU
		{CB13D7BA-3BE8-4450-A29C-67ED557F320D}.Debug|iPhoneSimulator.ActiveCfg = Debug|Any CPU
		{CB13D7BA-3BE8-4450-A29C-67ED557F320D}.Debug|Mixed Platforms.ActiveCfg = Debug|Any CPU
		{CB13D7BA-3BE8-4450-A29C-67ED557F320D}.Debug|Mixed Platforms.Build.0 = Debug|Any CPU
		{CB13D7BA-3BE8-4450-A29C-67ED557F320D}.Release WIN64|Any CPU.ActiveCfg = Release|Any CPU
		{CB13D7BA-3BE8-4450-A29C-67ED557F320D}.Release WIN64|Any CPU.Build.0 = Release|Any CPU
		{CB13D7BA-3BE8-4450-A29C-67ED557F320D}.Release WIN64|iPhone.ActiveCfg = Release|Any CPU
		{CB13D7BA-3BE8-4450-A29C-67ED557F320D}.Release WIN64|iPhoneSimulator.ActiveCfg = Release|Any CPU
		{CB13D7BA-3BE8-4450-A29C-67ED557F320D}.Release WIN64|Mixed Platforms.ActiveCfg = Release|Any CPU
		{CB13D7BA-3BE8-4450-A29C-67ED557F320D}.Release WIN64|Mixed Platforms.Build.0 = Release|Any CPU
		{CB13D7BA-3BE8-4450-A29C-67ED557F320D}.Release|Any CPU.ActiveCfg = Release|Any CPU
		{CB13D7BA-3BE8-4450-A29C-67ED557F320D}.Release|Any CPU.Build.0 = Release|Any CPU
		{CB13D7BA-3BE8-4450-A29C-67ED557F320D}.Release|iPhone.ActiveCfg = Release|Any CPU
		{CB13D7BA-3BE8-4450-A29C-67ED557F320D}.Release|iPhoneSimulator.ActiveCfg = Release|Any CPU
		{CB13D7BA-3BE8-4450-A29C-67ED557F320D}.Release|Mixed Platforms.ActiveCfg = Release|Any CPU
		{CB13D7BA-3BE8-4450-A29C-67ED557F320D}.Release|Mixed Platforms.Build.0 = Release|Any CPU
	EndGlobalSection
	GlobalSection(SolutionProperties) = preSolution
		HideSolutionNode = FALSE
	EndGlobalSection
	GlobalSection(MonoDevelopProperties) = preSolution
		StartupItem = Examples\Examples.csproj
		Policies = $0
		$0.DotNetNamingPolicy = $1
		$1.DirectoryNamespaceAssociation = None
		$1.ResourceNamePolicy = FileFormatDefault
		$0.StandardHeader = $2
		$2.Text = 
		$2.IncludeInNewFiles = True
		$0.VersionControlPolicy = $3
		$3.inheritsSet = Mono
		$0.ChangeLogPolicy = $4
		$4.UpdateMode = None
		$4.MessageStyle = $5
		$5.LineAlign = 0
		$4.inheritsSet = Mono
	EndGlobalSection
EndGlobal
