
Microsoft Visual Studio Solution File, Format Version 12.00
# Visual Studio 2013
VisualStudioVersion = 12.0.31101.0
MinimumVisualStudioVersion = 10.0.40219.1
Project("{D954291E-2A0B-460D-934E-DC6B0785DB48}") = "SharpFont", "SharpFont\SharpFont.shproj", "{2E4773B7-961A-4328-9D77-9749F9071CA2}"
EndProject
Project("{FAE04EC0-301F-11D3-BF4B-00C04F79EFBC}") = "SharpFont.Windows", "SharpFont\SharpFont.Windows.csproj", "{C293DB32-FA42-486D-B128-5A12522FAE4E}"
EndProject
Project("{FAE04EC0-301F-11D3-BF4B-00C04F79EFBC}") = "SharpFont.iOS", "SharpFont\SharpFont.iOS.csproj", "{CB13D7BA-3BE8-4450-A29C-67ED557F320D}"
EndProject
Project("{FAE04EC0-301F-11D3-BF4B-00C04F79EFBC}") = "SharpFont.Android", "SharpFont\SharpFont.Android.csproj", "{F37A5E4D-DD93-4346-9062-BD152A71104C}"
EndProject
Global
	GlobalSection(SharedMSBuildProjectFiles) = preSolution
		SharpFont\SharpFont.projitems*{f37a5e4d-dd93-4346-9062-bd152a71104c}*SharedItemsImports = 4
		SharpFont\SharpFont.projitems*{cb13d7ba-3be8-4450-a29c-67ed557f320d}*SharedItemsImports = 4
		SharpFont\SharpFont.projitems*{2e4773b7-961a-4328-9d77-9749f9071ca2}*SharedItemsImports = 13
		SharpFont\SharpFont.projitems*{c293db32-fa42-486d-b128-5a12522fae4e}*SharedItemsImports = 4
	EndGlobalSection
	GlobalSection(SolutionConfigurationPlatforms) = preSolution
		Debug|Any CPU = Debug|Any CPU
		Debug|x64 = Debug|x64
		Release|Any CPU = Release|Any CPU
		Release|x64 = Release|x64
	EndGlobalSection
	GlobalSection(ProjectConfigurationPlatforms) = postSolution
		{C293DB32-FA42-486D-B128-5A12522FAE4E}.Debug|Any CPU.ActiveCfg = Debug|Any CPU
		{C293DB32-FA42-486D-B128-5A12522FAE4E}.Debug|Any CPU.Build.0 = Debug|Any CPU
		{C293DB32-FA42-486D-B128-5A12522FAE4E}.Debug|x64.ActiveCfg = Debug|Any CPU
		{C293DB32-FA42-486D-B128-5A12522FAE4E}.Release|Any CPU.ActiveCfg = Release|Any CPU
		{C293DB32-FA42-486D-B128-5A12522FAE4E}.Release|Any CPU.Build.0 = Release|Any CPU
		{C293DB32-FA42-486D-B128-5A12522FAE4E}.Release|x64.ActiveCfg = Release|Any CPU
		{CB13D7BA-3BE8-4450-A29C-67ED557F320D}.Debug|Any CPU.ActiveCfg = Debug|Any CPU
		{CB13D7BA-3BE8-4450-A29C-67ED557F320D}.Debug|Any CPU.Build.0 = Debug|Any CPU
		{CB13D7BA-3BE8-4450-A29C-67ED557F320D}.Debug|x64.ActiveCfg = Debug|Any CPU
		{CB13D7BA-3BE8-4450-A29C-67ED557F320D}.Release|Any CPU.ActiveCfg = Release|Any CPU
		{CB13D7BA-3BE8-4450-A29C-67ED557F320D}.Release|Any CPU.Build.0 = Release|Any CPU
		{CB13D7BA-3BE8-4450-A29C-67ED557F320D}.Release|x64.ActiveCfg = Release|Any CPU
		{F37A5E4D-DD93-4346-9062-BD152A71104C}.Debug|Any CPU.ActiveCfg = Debug|Any CPU
		{F37A5E4D-DD93-4346-9062-BD152A71104C}.Debug|Any CPU.Build.0 = Debug|Any CPU
		{F37A5E4D-DD93-4346-9062-BD152A71104C}.Debug|x64.ActiveCfg = Debug|Any CPU
		{F37A5E4D-DD93-4346-9062-BD152A71104C}.Release|Any CPU.ActiveCfg = Release|Any CPU
		{F37A5E4D-DD93-4346-9062-BD152A71104C}.Release|Any CPU.Build.0 = Release|Any CPU
		{F37A5E4D-DD93-4346-9062-BD152A71104C}.Release|x64.ActiveCfg = Release|Any CPU
	EndGlobalSection
	GlobalSection(SolutionProperties) = preSolution
		HideSolutionNode = FALSE
	EndGlobalSection
EndGlobal
